// !$*UTF8*$!
{
	archiveVersion = 1;
	classes = {
	};
	objectVersion = 55;
	objects = {

/* Begin PBXBuildFile section */
		8105E26926C69A9300C22BE4 /* DatePickerExampleView.swift in Sources */ = {isa = PBXBuildFile; fileRef = 8105E26826C69A9300C22BE4 /* DatePickerExampleView.swift */; };
		8105E26B26C69AA000C22BE4 /* CombinationView.swift in Sources */ = {isa = PBXBuildFile; fileRef = 8105E26A26C69AA000C22BE4 /* CombinationView.swift */; };
		8105E26E26C69BE400C22BE4 /* NotificationHandlers.swift in Sources */ = {isa = PBXBuildFile; fileRef = 8105E26D26C69BE400C22BE4 /* NotificationHandlers.swift */; };
		812F873B26C69A32002F0BE6 /* NotificationsAndDatePickersApp.swift in Sources */ = {isa = PBXBuildFile; fileRef = 812F873A26C69A32002F0BE6 /* NotificationsAndDatePickersApp.swift */; };
		812F873D26C69A32002F0BE6 /* NotificationsExampleView.swift in Sources */ = {isa = PBXBuildFile; fileRef = 812F873C26C69A32002F0BE6 /* NotificationsExampleView.swift */; };
		812F873F26C69A33002F0BE6 /* Assets.xcassets in Resources */ = {isa = PBXBuildFile; fileRef = 812F873E26C69A33002F0BE6 /* Assets.xcassets */; };
		812F874226C69A33002F0BE6 /* Preview Assets.xcassets in Resources */ = {isa = PBXBuildFile; fileRef = 812F874126C69A33002F0BE6 /* Preview Assets.xcassets */; };
		81524A6226CA9569001F9E78 /* PastDatesView.swift in Sources */ = {isa = PBXBuildFile; fileRef = 81524A6126CA9569001F9E78 /* PastDatesView.swift */; };
		81524A6426CA9658001F9E78 /* FutureDatesView.swift in Sources */ = {isa = PBXBuildFile; fileRef = 81524A6326CA9658001F9E78 /* FutureDatesView.swift */; };
		81524A6926CA9842001F9E78 /* Section.swift in Sources */ = {isa = PBXBuildFile; fileRef = 81524A6826CA9842001F9E78 /* Section.swift */; };
		81524A6B26CA98D4001F9E78 /* Sub.swift in Sources */ = {isa = PBXBuildFile; fileRef = 81524A6A26CA98D4001F9E78 /* Sub.swift */; };
		81524A6D26CA99DC001F9E78 /* AnyDatesView.swift in Sources */ = {isa = PBXBuildFile; fileRef = 81524A6C26CA99DC001F9E78 /* AnyDatesView.swift */; };
/* End PBXBuildFile section */

/* Begin PBXFileReference section */
		8105E26826C69A9300C22BE4 /* DatePickerExampleView.swift */ = {isa = PBXFileReference; lastKnownFileType = sourcecode.swift; path = DatePickerExampleView.swift; sourceTree = "<group>"; };
		8105E26A26C69AA000C22BE4 /* CombinationView.swift */ = {isa = PBXFileReference; lastKnownFileType = sourcecode.swift; path = CombinationView.swift; sourceTree = "<group>"; };
		8105E26D26C69BE400C22BE4 /* NotificationHandlers.swift */ = {isa = PBXFileReference; lastKnownFileType = sourcecode.swift; path = NotificationHandlers.swift; sourceTree = "<group>"; };
		812F873726C69A32002F0BE6 /* NotificationsAndDatePickers.app */ = {isa = PBXFileReference; explicitFileType = wrapper.application; includeInIndex = 0; path = NotificationsAndDatePickers.app; sourceTree = BUILT_PRODUCTS_DIR; };
		812F873A26C69A32002F0BE6 /* NotificationsAndDatePickersApp.swift */ = {isa = PBXFileReference; lastKnownFileType = sourcecode.swift; path = NotificationsAndDatePickersApp.swift; sourceTree = "<group>"; };
		812F873C26C69A32002F0BE6 /* NotificationsExampleView.swift */ = {isa = PBXFileReference; lastKnownFileType = sourcecode.swift; path = NotificationsExampleView.swift; sourceTree = "<group>"; };
		812F873E26C69A33002F0BE6 /* Assets.xcassets */ = {isa = PBXFileReference; lastKnownFileType = folder.assetcatalog; path = Assets.xcassets; sourceTree = "<group>"; };
		812F874126C69A33002F0BE6 /* Preview Assets.xcassets */ = {isa = PBXFileReference; lastKnownFileType = folder.assetcatalog; path = "Preview Assets.xcassets"; sourceTree = "<group>"; };
		81524A6126CA9569001F9E78 /* PastDatesView.swift */ = {isa = PBXFileReference; lastKnownFileType = sourcecode.swift; path = PastDatesView.swift; sourceTree = "<group>"; };
		81524A6326CA9658001F9E78 /* FutureDatesView.swift */ = {isa = PBXFileReference; lastKnownFileType = sourcecode.swift; path = FutureDatesView.swift; sourceTree = "<group>"; };
		81524A6826CA9842001F9E78 /* Section.swift */ = {isa = PBXFileReference; lastKnownFileType = sourcecode.swift; path = Section.swift; sourceTree = "<group>"; };
		81524A6A26CA98D4001F9E78 /* Sub.swift */ = {isa = PBXFileReference; lastKnownFileType = sourcecode.swift; path = Sub.swift; sourceTree = "<group>"; };
		81524A6C26CA99DC001F9E78 /* AnyDatesView.swift */ = {isa = PBXFileReference; lastKnownFileType = sourcecode.swift; path = AnyDatesView.swift; sourceTree = "<group>"; };
/* End PBXFileReference section */

/* Begin PBXFrameworksBuildPhase section */
		812F873426C69A32002F0BE6 /* Frameworks */ = {
			isa = PBXFrameworksBuildPhase;
			buildActionMask = 2147483647;
			files = (
			);
			runOnlyForDeploymentPostprocessing = 0;
		};
/* End PBXFrameworksBuildPhase section */

/* Begin PBXGroup section */
		8105E26726C69A7D00C22BE4 /* Views */ = {
			isa = PBXGroup;
			children = (
				81524A6526CA97E6001F9E78 /* TextFormatting */,
				81524A6026CA9554001F9E78 /* DatePickers */,
				812F873C26C69A32002F0BE6 /* NotificationsExampleView.swift */,
				8105E26826C69A9300C22BE4 /* DatePickerExampleView.swift */,
				8105E26A26C69AA000C22BE4 /* CombinationView.swift */,
			);
			path = Views;
			sourceTree = "<group>";
		};
		8105E26C26C69BD400C22BE4 /* Handlers */ = {
			isa = PBXGroup;
			children = (
				8105E26D26C69BE400C22BE4 /* NotificationHandlers.swift */,
			);
			path = Handlers;
			sourceTree = "<group>";
		};
		812F872E26C69A32002F0BE6 = {
			isa = PBXGroup;
			children = (
				812F873926C69A32002F0BE6 /* NotificationsAndDatePickers */,
				812F873826C69A32002F0BE6 /* Products */,
			);
			sourceTree = "<group>";
		};
		812F873826C69A32002F0BE6 /* Products */ = {
			isa = PBXGroup;
			children = (
				812F873726C69A32002F0BE6 /* NotificationsAndDatePickers.app */,
			);
			name = Products;
			sourceTree = "<group>";
		};
		812F873926C69A32002F0BE6 /* NotificationsAndDatePickers */ = {
			isa = PBXGroup;
			children = (
				812F873A26C69A32002F0BE6 /* NotificationsAndDatePickersApp.swift */,
				8105E26C26C69BD400C22BE4 /* Handlers */,
				8105E26726C69A7D00C22BE4 /* Views */,
				812F873E26C69A33002F0BE6 /* Assets.xcassets */,
				812F874026C69A33002F0BE6 /* Preview Content */,
			);
			path = NotificationsAndDatePickers;
			sourceTree = "<group>";
		};
		812F874026C69A33002F0BE6 /* Preview Content */ = {
			isa = PBXGroup;
			children = (
				812F874126C69A33002F0BE6 /* Preview Assets.xcassets */,
			);
			path = "Preview Content";
			sourceTree = "<group>";
		};
		81524A6026CA9554001F9E78 /* DatePickers */ = {
			isa = PBXGroup;
			children = (
				81524A6126CA9569001F9E78 /* PastDatesView.swift */,
				81524A6326CA9658001F9E78 /* FutureDatesView.swift */,
				81524A6C26CA99DC001F9E78 /* AnyDatesView.swift */,
			);
			path = DatePickers;
			sourceTree = "<group>";
		};
		81524A6526CA97E6001F9E78 /* TextFormatting */ = {
			isa = PBXGroup;
			children = (
				81524A6826CA9842001F9E78 /* Section.swift */,
				81524A6A26CA98D4001F9E78 /* Sub.swift */,
			);
			path = TextFormatting;
			sourceTree = "<group>";
		};
/* End PBXGroup section */

/* Begin PBXNativeTarget section */
		812F873626C69A32002F0BE6 /* NotificationsAndDatePickers */ = {
			isa = PBXNativeTarget;
			buildConfigurationList = 812F874526C69A33002F0BE6 /* Build configuration list for PBXNativeTarget "NotificationsAndDatePickers" */;
			buildPhases = (
				812F873326C69A32002F0BE6 /* Sources */,
				812F873426C69A32002F0BE6 /* Frameworks */,
				812F873526C69A32002F0BE6 /* Resources */,
			);
			buildRules = (
			);
			dependencies = (
			);
			name = NotificationsAndDatePickers;
			productName = NotificationsAndDatePickers;
			productReference = 812F873726C69A32002F0BE6 /* NotificationsAndDatePickers.app */;
			productType = "com.apple.product-type.application";
		};
/* End PBXNativeTarget section */

/* Begin PBXProject section */
		812F872F26C69A32002F0BE6 /* Project object */ = {
			isa = PBXProject;
			attributes = {
				BuildIndependentTargetsInParallel = 1;
				LastSwiftUpdateCheck = 1300;
				LastUpgradeCheck = 1300;
				TargetAttributes = {
					812F873626C69A32002F0BE6 = {
						CreatedOnToolsVersion = 13.0;
					};
				};
			};
			buildConfigurationList = 812F873226C69A32002F0BE6 /* Build configuration list for PBXProject "NotificationsAndDatePickers" */;
			compatibilityVersion = "Xcode 13.0";
			developmentRegion = en;
			hasScannedForEncodings = 0;
			knownRegions = (
				en,
				Base,
			);
			mainGroup = 812F872E26C69A32002F0BE6;
			productRefGroup = 812F873826C69A32002F0BE6 /* Products */;
			projectDirPath = "";
			projectRoot = "";
			targets = (
				812F873626C69A32002F0BE6 /* NotificationsAndDatePickers */,
			);
		};
/* End PBXProject section */

/* Begin PBXResourcesBuildPhase section */
		812F873526C69A32002F0BE6 /* Resources */ = {
			isa = PBXResourcesBuildPhase;
			buildActionMask = 2147483647;
			files = (
				812F874226C69A33002F0BE6 /* Preview Assets.xcassets in Resources */,
				812F873F26C69A33002F0BE6 /* Assets.xcassets in Resources */,
			);
			runOnlyForDeploymentPostprocessing = 0;
		};
/* End PBXResourcesBuildPhase section */

/* Begin PBXSourcesBuildPhase section */
		812F873326C69A32002F0BE6 /* Sources */ = {
			isa = PBXSourcesBuildPhase;
			buildActionMask = 2147483647;
			files = (
				8105E26E26C69BE400C22BE4 /* NotificationHandlers.swift in Sources */,
				8105E26926C69A9300C22BE4 /* DatePickerExampleView.swift in Sources */,
				81524A6226CA9569001F9E78 /* PastDatesView.swift in Sources */,
				812F873D26C69A32002F0BE6 /* NotificationsExampleView.swift in Sources */,
				8105E26B26C69AA000C22BE4 /* CombinationView.swift in Sources */,
				81524A6926CA9842001F9E78 /* Section.swift in Sources */,
				81524A6426CA9658001F9E78 /* FutureDatesView.swift in Sources */,
				812F873B26C69A32002F0BE6 /* NotificationsAndDatePickersApp.swift in Sources */,
				81524A6B26CA98D4001F9E78 /* Sub.swift in Sources */,
				81524A6D26CA99DC001F9E78 /* AnyDatesView.swift in Sources */,
			);
			runOnlyForDeploymentPostprocessing = 0;
		};
/* End PBXSourcesBuildPhase section */

/* Begin XCBuildConfiguration section */
		812F874326C69A33002F0BE6 /* Debug */ = {
			isa = XCBuildConfiguration;
			buildSettings = {
				ALWAYS_SEARCH_USER_PATHS = NO;
				CLANG_ANALYZER_NONNULL = YES;
				CLANG_ANALYZER_NUMBER_OBJECT_CONVERSION = YES_AGGRESSIVE;
				CLANG_CXX_LANGUAGE_STANDARD = "gnu++17";
				CLANG_CXX_LIBRARY = "libc++";
				CLANG_ENABLE_MODULES = YES;
				CLANG_ENABLE_OBJC_ARC = YES;
				CLANG_ENABLE_OBJC_WEAK = YES;
				CLANG_WARN_BLOCK_CAPTURE_AUTORELEASING = YES;
				CLANG_WARN_BOOL_CONVERSION = YES;
				CLANG_WARN_COMMA = YES;
				CLANG_WARN_CONSTANT_CONVERSION = YES;
				CLANG_WARN_DEPRECATED_OBJC_IMPLEMENTATIONS = YES;
				CLANG_WARN_DIRECT_OBJC_ISA_USAGE = YES_ERROR;
				CLANG_WARN_DOCUMENTATION_COMMENTS = YES;
				CLANG_WARN_EMPTY_BODY = YES;
				CLANG_WARN_ENUM_CONVERSION = YES;
				CLANG_WARN_INFINITE_RECURSION = YES;
				CLANG_WARN_INT_CONVERSION = YES;
				CLANG_WARN_NON_LITERAL_NULL_CONVERSION = YES;
				CLANG_WARN_OBJC_IMPLICIT_RETAIN_SELF = YES;
				CLANG_WARN_OBJC_LITERAL_CONVERSION = YES;
				CLANG_WARN_OBJC_ROOT_CLASS = YES_ERROR;
				CLANG_WARN_QUOTED_INCLUDE_IN_FRAMEWORK_HEADER = YES;
				CLANG_WARN_RANGE_LOOP_ANALYSIS = YES;
				CLANG_WARN_STRICT_PROTOTYPES = YES;
				CLANG_WARN_SUSPICIOUS_MOVE = YES;
				CLANG_WARN_UNGUARDED_AVAILABILITY = YES_AGGRESSIVE;
				CLANG_WARN_UNREACHABLE_CODE = YES;
				CLANG_WARN__DUPLICATE_METHOD_MATCH = YES;
				COPY_PHASE_STRIP = NO;
				DEBUG_INFORMATION_FORMAT = dwarf;
				ENABLE_STRICT_OBJC_MSGSEND = YES;
				ENABLE_TESTABILITY = YES;
				GCC_C_LANGUAGE_STANDARD = gnu11;
				GCC_DYNAMIC_NO_PIC = NO;
				GCC_NO_COMMON_BLOCKS = YES;
				GCC_OPTIMIZATION_LEVEL = 0;
				GCC_PREPROCESSOR_DEFINITIONS = (
					"DEBUG=1",
					"$(inherited)",
				);
				GCC_WARN_64_TO_32_BIT_CONVERSION = YES;
				GCC_WARN_ABOUT_RETURN_TYPE = YES_ERROR;
				GCC_WARN_UNDECLARED_SELECTOR = YES;
				GCC_WARN_UNINITIALIZED_AUTOS = YES_AGGRESSIVE;
				GCC_WARN_UNUSED_FUNCTION = YES;
				GCC_WARN_UNUSED_VARIABLE = YES;
				IPHONEOS_DEPLOYMENT_TARGET = 15.0;
				MTL_ENABLE_DEBUG_INFO = INCLUDE_SOURCE;
				MTL_FAST_MATH = YES;
				ONLY_ACTIVE_ARCH = YES;
				SDKROOT = iphoneos;
				SWIFT_ACTIVE_COMPILATION_CONDITIONS = DEBUG;
				SWIFT_OPTIMIZATION_LEVEL = "-Onone";
			};
			name = Debug;
		};
		812F874426C69A33002F0BE6 /* Release */ = {
			isa = XCBuildConfiguration;
			buildSettings = {
				ALWAYS_SEARCH_USER_PATHS = NO;
				CLANG_ANALYZER_NONNULL = YES;
				CLANG_ANALYZER_NUMBER_OBJECT_CONVERSION = YES_AGGRESSIVE;
				CLANG_CXX_LANGUAGE_STANDARD = "gnu++17";
				CLANG_CXX_LIBRARY = "libc++";
				CLANG_ENABLE_MODULES = YES;
				CLANG_ENABLE_OBJC_ARC = YES;
				CLANG_ENABLE_OBJC_WEAK = YES;
				CLANG_WARN_BLOCK_CAPTURE_AUTORELEASING = YES;
				CLANG_WARN_BOOL_CONVERSION = YES;
				CLANG_WARN_COMMA = YES;
				CLANG_WARN_CONSTANT_CONVERSION = YES;
				CLANG_WARN_DEPRECATED_OBJC_IMPLEMENTATIONS = YES;
				CLANG_WARN_DIRECT_OBJC_ISA_USAGE = YES_ERROR;
				CLANG_WARN_DOCUMENTATION_COMMENTS = YES;
				CLANG_WARN_EMPTY_BODY = YES;
				CLANG_WARN_ENUM_CONVERSION = YES;
				CLANG_WARN_INFINITE_RECURSION = YES;
				CLANG_WARN_INT_CONVERSION = YES;
				CLANG_WARN_NON_LITERAL_NULL_CONVERSION = YES;
				CLANG_WARN_OBJC_IMPLICIT_RETAIN_SELF = YES;
				CLANG_WARN_OBJC_LITERAL_CONVERSION = YES;
				CLANG_WARN_OBJC_ROOT_CLASS = YES_ERROR;
				CLANG_WARN_QUOTED_INCLUDE_IN_FRAMEWORK_HEADER = YES;
				CLANG_WARN_RANGE_LOOP_ANALYSIS = YES;
				CLANG_WARN_STRICT_PROTOTYPES = YES;
				CLANG_WARN_SUSPICIOUS_MOVE = YES;
				CLANG_WARN_UNGUARDED_AVAILABILITY = YES_AGGRESSIVE;
				CLANG_WARN_UNREACHABLE_CODE = YES;
				CLANG_WARN__DUPLICATE_METHOD_MATCH = YES;
				COPY_PHASE_STRIP = NO;
				DEBUG_INFORMATION_FORMAT = "dwarf-with-dsym";
				ENABLE_NS_ASSERTIONS = NO;
				ENABLE_STRICT_OBJC_MSGSEND = YES;
				GCC_C_LANGUAGE_STANDARD = gnu11;
				GCC_NO_COMMON_BLOCKS = YES;
				GCC_WARN_64_TO_32_BIT_CONVERSION = YES;
				GCC_WARN_ABOUT_RETURN_TYPE = YES_ERROR;
				GCC_WARN_UNDECLARED_SELECTOR = YES;
				GCC_WARN_UNINITIALIZED_AUTOS = YES_AGGRESSIVE;
				GCC_WARN_UNUSED_FUNCTION = YES;
				GCC_WARN_UNUSED_VARIABLE = YES;
				IPHONEOS_DEPLOYMENT_TARGET = 15.0;
				MTL_ENABLE_DEBUG_INFO = NO;
				MTL_FAST_MATH = YES;
				SDKROOT = iphoneos;
				SWIFT_COMPILATION_MODE = wholemodule;
				SWIFT_OPTIMIZATION_LEVEL = "-O";
				VALIDATE_PRODUCT = YES;
			};
			name = Release;
		};
		812F874626C69A33002F0BE6 /* Debug */ = {
			isa = XCBuildConfiguration;
			buildSettings = {
				ASSETCATALOG_COMPILER_APPICON_NAME = AppIcon;
				ASSETCATALOG_COMPILER_GLOBAL_ACCENT_COLOR_NAME = AccentColor;
				CODE_SIGN_STYLE = Automatic;
				CURRENT_PROJECT_VERSION = 1;
				DEVELOPMENT_ASSET_PATHS = "\"NotificationsAndDatePickers/Preview Content\"";
				DEVELOPMENT_TEAM = U2ZN2W2UQJ;
				ENABLE_PREVIEWS = YES;
				GENERATE_INFOPLIST_FILE = YES;
				INFOPLIST_KEY_UIApplicationSceneManifest_Generation = YES;
				INFOPLIST_KEY_UIApplicationSupportsIndirectInputEvents = YES;
				INFOPLIST_KEY_UILaunchScreen_Generation = YES;
				INFOPLIST_KEY_UISupportedInterfaceOrientations = "UIInterfaceOrientationPortrait UIInterfaceOrientationPortraitUpsideDown";
				INFOPLIST_KEY_UISupportedInterfaceOrientations_iPad = "UIInterfaceOrientationPortrait UIInterfaceOrientationPortraitUpsideDown UIInterfaceOrientationLandscapeLeft UIInterfaceOrientationLandscapeRight";
				INFOPLIST_KEY_UISupportedInterfaceOrientations_iPhone = "UIInterfaceOrientationPortrait UIInterfaceOrientationLandscapeLeft UIInterfaceOrientationLandscapeRight";
				IPHONEOS_DEPLOYMENT_TARGET = 15.0;
				LD_RUNPATH_SEARCH_PATHS = (
					"$(inherited)",
					"@executable_path/Frameworks",
				);
				MARKETING_VERSION = 1.0;
				PRODUCT_BUNDLE_IDENTIFIER = ca.russellgordon.NotificationsAndDatePickers;
				PRODUCT_NAME = "$(TARGET_NAME)";
				SWIFT_EMIT_LOC_STRINGS = YES;
				SWIFT_VERSION = 5.0;
				TARGETED_DEVICE_FAMILY = 1;
			};
			name = Debug;
		};
		812F874726C69A33002F0BE6 /* Release */ = {
			isa = XCBuildConfiguration;
			buildSettings = {
				ASSETCATALOG_COMPILER_APPICON_NAME = AppIcon;
				ASSETCATALOG_COMPILER_GLOBAL_ACCENT_COLOR_NAME = AccentColor;
				CODE_SIGN_STYLE = Automatic;
				CURRENT_PROJECT_VERSION = 1;
				DEVELOPMENT_ASSET_PATHS = "\"NotificationsAndDatePickers/Preview Content\"";
				DEVELOPMENT_TEAM = U2ZN2W2UQJ;
				ENABLE_PREVIEWS = YES;
				GENERATE_INFOPLIST_FILE = YES;
				INFOPLIST_KEY_UIApplicationSceneManifest_Generation = YES;
				INFOPLIST_KEY_UIApplicationSupportsIndirectInputEvents = YES;
				INFOPLIST_KEY_UILaunchScreen_Generation = YES;
				INFOPLIST_KEY_UISupportedInterfaceOrientations = "UIInterfaceOrientationPortrait UIInterfaceOrientationPortraitUpsideDown";
				INFOPLIST_KEY_UISupportedInterfaceOrientations_iPad = "UIInterfaceOrientationPortrait UIInterfaceOrientationPortraitUpsideDown UIInterfaceOrientationLandscapeLeft UIInterfaceOrientationLandscapeRight";
				INFOPLIST_KEY_UISupportedInterfaceOrientations_iPhone = "UIInterfaceOrientationPortrait UIInterfaceOrientationLandscapeLeft UIInterfaceOrientationLandscapeRight";
				IPHONEOS_DEPLOYMENT_TARGET = 15.0;
				LD_RUNPATH_SEARCH_PATHS = (
					"$(inherited)",
					"@executable_path/Frameworks",
				);
				MARKETING_VERSION = 1.0;
				PRODUCT_BUNDLE_IDENTIFIER = ca.russellgordon.NotificationsAndDatePickers;
				PRODUCT_NAME = "$(TARGET_NAME)";
				SWIFT_EMIT_LOC_STRINGS = YES;
				SWIFT_VERSION = 5.0;
				TARGETED_DEVICE_FAMILY = 1;
			};
			name = Release;
		};
/* End XCBuildConfiguration section */

/* Begin XCConfigurationList section */
		812F873226C69A32002F0BE6 /* Build configuration list for PBXProject "NotificationsAndDatePickers" */ = {
			isa = XCConfigurationList;
			buildConfigurations = (
				812F874326C69A33002F0BE6 /* Debug */,
				812F874426C69A33002F0BE6 /* Release */,
			);
			defaultConfigurationIsVisible = 0;
			defaultConfigurationName = Release;
		};
		812F874526C69A33002F0BE6 /* Build configuration list for PBXNativeTarget "NotificationsAndDatePickers" */ = {
			isa = XCConfigurationList;
			buildConfigurations = (
				812F874626C69A33002F0BE6 /* Debug */,
				812F874726C69A33002F0BE6 /* Release */,
			);
			defaultConfigurationIsVisible = 0;
			defaultConfigurationName = Release;
		};
/* End XCConfigurationList section */
	};
	rootObject = 812F872F26C69A32002F0BE6 /* Project object */;
}
